
Microsoft Visual Studio Solution File, Format Version 12.00
# Visual Studio Version 17
VisualStudioVersion = 17.5.33424.131
MinimumVisualStudioVersion = 10.0.40219.1
Project("{9A19103F-16F7-4668-BE54-9A1E7A4F7556}") = "BookCollection", "BookCollection\BookCollection.csproj", "{EBA9E782-B351-4B92-84F7-5CB97C4CEFA0}"
EndProject
Global
	GlobalSection(SolutionConfigurationPlatforms) = preSolution
		Debug|Any CPU = Debug|Any CPU
		Release|Any CPU = Release|Any CPU
	EndGlobalSection
	GlobalSection(ProjectConfigurationPlatforms) = postSolution
		{EBA9E782-B351-4B92-84F7-5CB97C4CEFA0}.Debug|Any CPU.ActiveCfg = Debug|Any CPU
		{EBA9E782-B351-4B92-84F7-5CB97C4CEFA0}.Debug|Any CPU.Build.0 = Debug|Any CPU
		{EBA9E782-B351-4B92-84F7-5CB97C4CEFA0}.Release|Any CPU.ActiveCfg = Release|Any CPU
		{EBA9E782-B351-4B92-84F7-5CB97C4CEFA0}.Release|Any CPU.Build.0 = Release|Any CPU
	EndGlobalSection
	GlobalSection(SolutionProperties) = preSolution
		HideSolutionNode = FALSE
	EndGlobalSection
	GlobalSection(ExtensibilityGlobals) = postSolution
		SolutionGuid = {06BC4786-7BAB-4F25-A88C-5A3126FB2071}
	EndGlobalSection
EndGlobal
